github.com/oleksii-honchar/blablo v0.2.3 h1:thsc8AV+AElAi0tT+B066CP+JCaAdQuQxAJMtHKSJLk=
github.com/oleksii-honchar/blablo v0.2.3/go.mod h1:25HPHd5zr0muto0UsIFX5L1zzrzaBVjzueCuOQXNvK0=
github.com/oleksii-honchar/coteco v0.2.0 h1:ZHQNC2HmrT/C7SkMhEMRj8Bn93YFKmPp7g2uOw4OWdM=
github.com/oleksii-honchar/coteco v0.2.0/go.mod h1:ZcQGxpTImc7fSBG3f2/dRqocE199UBA2agCg+vt8ozk=
